github.com/ahmetb/go-linq v3.0.0+incompatible h1:qQkjjOXKrKOTy83X8OpRmnKflXKQIL/mC/gMVVDMhOA=
github.com/ahmetb/go-linq v3.0.0+incompatible/go.mod h1:PFffvbdbtw+QTB0WKRP0cNht7vnCfnGlEpak/DVg5cY=
github.com/davyxu/golexer v0.1.0 h1:PFavbgNV8PUH2HPU1G3o0QMcNJ3I4BkL8esbeenTyMU=
github.com/davyxu/golexer v0.1.0/go.mod h1:K/1PVWqaQEwMs+N+VvaoS66o1BAAwso+jEgXKBIa8QY=
github.com/davyxu/golog v0.1.0 h1:SsV3m2x37sCzFaQzq5OHc5S+PE2VMiL7XUx34JCa7mo=
github.com/davyxu/golog v0.1.0/go.mod h1:YwChkFY5dCYt77yuPlWjcR6KlWqVJNbz3WkwC/8WgQk=
github.com/davyxu/protoplus v0.1.0 h1:iKk94nwYZdEK8r1r4GZDkW7JnmLJTPYQSVUvBLBxsb8=
github.com/davyxu/protoplus v0.1.0/go.mod h1:WzmNYPvYsyks3G81jCJ/vGY2ljs49qFMfCmXGwvxFLA=
github.com/kr/pretty v0.1.0 h1:L/CwN0zerZDmRFUapSPitk6f+Q3+0za1rQkzVuMiMFI=
github.com/kr/pretty v0.1.0/go.mod h1:dAy3ld7l9f0ibDNOQOHHMYYIIbhfbHSm3C4ZsoJORNo=
github.com/kr/pty v1.1.1/go.mod h1:pFQYn66WHrOpPYNljwOMqo10TkYh1fy3cYio2l3bCsQ=
github.com/kr/text v0.1.0 h1:45sCR5RtlFHMR4UwH9sdQ5TC8v0qDQCHnXt+kaKSTVE=
github.com/kr/text v0.1.0/go.mod h1:4Jbv+DJW3UT/LiOwJeYQe1efqtUx/iVham/4vfdArNI=
github.com/pkg/errors v0.8.1 h1:iURUrRGxPUNPdy5/HRSm+Yj6okJ6UtLINN0Q9M4+h3I=
github.com/pkg/errors v0.8.1/go.mod h1:bwawxfHBFNV+L2hUp1rHADufV3IMtnDRdf1r5NINEl0=
github.com/tealeg/xlsx v1.0.3 h1:BXsDIQYBPq2HgbwUxrsVXIrnO0BDxmsdUfHSfvwfBuQ=
github.com/tealeg/xlsx v1.0.3/go.mod h1:uxu5UY2ovkuRPWKQ8Q7JG0JbSivrISjdPzZQKeo74mA=
github.com/tealeg/xlsx v1.0.4-0.20190601071628-e2d23f3c43dc h1:WhjmAhd6qju7Jf7hseM3Gd26PMjJJbAcEYgfRnznnko=
github.com/tealeg/xlsx v1.0.4-0.20190601071628-e2d23f3c43dc/go.mod h1:uxu5UY2ovkuRPWKQ8Q7JG0JbSivrISjdPzZQKeo74mA=
golang.org/x/text v0.3.2 h1:tW2bmiBqwgJj/UpqtC8EpXEZVYOwU0yG4iWbprSVAcs=
golang.org/x/text v0.3.2/go.mod h1:bEr9sfX3Q8Zfm5fL9x+3itogRgK3+ptLWKqgva+5dAk=
golang.org/x/tools v0.0.0-20180917221912-90fa682c2a6e/go.mod h1:n7NCudcB/nEzxVGmLbDWY5pfWTLqBcC2KZ6jyYvM4mQ=
gopkg.in/check.v1 v1.0.0-20180628173108-788fd7840127 h1:qIbj1fsPNlZgppZ+VLlY7N33q108Sa+fhmuc+sWQYwY=
gopkg.in/check.v1 v1.0.0-20180628173108-788fd7840127/go.mod h1:Co6ibVJAznAaIkqp8huTwlJQCZ016jof/cbN4VW5Yz0=
