
Microsoft Visual Studio Solution File, Format Version 12.00
# Visual Studio 15
VisualStudioVersion = 15.0.27428.2043
MinimumVisualStudioVersion = 10.0.40219.1
Project("{FAE04EC0-301F-11D3-BF4B-00C04F79EFBC}") = "TabtoyExample", "TabtoyExample\TabtoyExample.csproj", "{32FF6E01-AD59-4BD6-82DB-83C35B75C6F2}"
EndProject
Global
	GlobalSection(SolutionConfigurationPlatforms) = preSolution
		Debug|Any CPU = Debug|Any CPU
		Release|Any CPU = Release|Any CPU
	EndGlobalSection
	GlobalSection(ProjectConfigurationPlatforms) = postSolution
		{32FF6E01-AD59-4BD6-82DB-83C35B75C6F2}.Debug|Any CPU.ActiveCfg = Debug|Any CPU
		{32FF6E01-AD59-4BD6-82DB-83C35B75C6F2}.Debug|Any CPU.Build.0 = Debug|Any CPU
		{32FF6E01-AD59-4BD6-82DB-83C35B75C6F2}.Release|Any CPU.ActiveCfg = Release|Any CPU
		{32FF6E01-AD59-4BD6-82DB-83C35B75C6F2}.Release|Any CPU.Build.0 = Release|Any CPU
	EndGlobalSection
	GlobalSection(SolutionProperties) = preSolution
		HideSolutionNode = FALSE
	EndGlobalSection
	GlobalSection(ExtensibilityGlobals) = postSolution
		SolutionGuid = {2F1C361D-513B-4196-9909-35439DD735A7}
	EndGlobalSection
EndGlobal
